// !$*UTF8*$!
{
	archiveVersion = 1;
	classes = {
	};
	objectVersion = 46;
	objects = {

/* Begin PBXBuildFile section */
		980180BC1F552CDA00C64B43 /* main.cpp in Sources */ = {isa = PBXBuildFile; fileRef = 980180BB1F552CDA00C64B43 /* main.cpp */; };
		9848C12521F36A91008AC964 /* libpardiso600-MACOS-X86-64.dylib in Frameworks */ = {isa = PBXBuildFile; fileRef = 9848C12421F36A90008AC964 /* libpardiso600-MACOS-X86-64.dylib */; };
		9848C12721F3752D008AC964 /* libgomp.1.dylib in Frameworks */ = {isa = PBXBuildFile; fileRef = 9848C12621F3752D008AC964 /* libgomp.1.dylib */; };
		9848C12F21F37823008AC964 /* IglUtils.cpp in Sources */ = {isa = PBXBuildFile; fileRef = 9848C12D21F37823008AC964 /* IglUtils.cpp */; };
		9848C13821F3783C008AC964 /* ARAPEnergy.cpp in Sources */ = {isa = PBXBuildFile; fileRef = 9848C13221F3783B008AC964 /* ARAPEnergy.cpp */; };
		9848C13921F3783C008AC964 /* SymDirichletEnergy.cpp in Sources */ = {isa = PBXBuildFile; fileRef = 9848C13421F3783B008AC964 /* SymDirichletEnergy.cpp */; };
		9848C13A21F3783C008AC964 /* Energy.cpp in Sources */ = {isa = PBXBuildFile; fileRef = 9848C13621F3783C008AC964 /* Energy.cpp */; };
		987382D12076F49A0040BBCE /* Scaffold.cpp in Sources */ = {isa = PBXBuildFile; fileRef = 987382CF2076F49A0040BBCE /* Scaffold.cpp */; };
		988D81A720AA7FFE0037737D /* OpenGL.framework in Frameworks */ = {isa = PBXBuildFile; fileRef = 988ED1271F57211500B21181 /* OpenGL.framework */; };
		988D81A920AA80A60037737D /* IOKit.framework in Frameworks */ = {isa = PBXBuildFile; fileRef = 988D81A820AA80A60037737D /* IOKit.framework */; };
		988D81AB20AA80E40037737D /* Cocoa.framework in Frameworks */ = {isa = PBXBuildFile; fileRef = 988D81AA20AA80E40037737D /* Cocoa.framework */; };
		988D81AD20AA81130037737D /* CoreVideo.framework in Frameworks */ = {isa = PBXBuildFile; fileRef = 988D81AC20AA81130037737D /* CoreVideo.framework */; };
		988D81B920AA98E10037737D /* libglad.a in Frameworks */ = {isa = PBXBuildFile; fileRef = 988D81B820AA98E10037737D /* libglad.a */; };
		988D81BB20AA98ED0037737D /* libigl_stb_image.dylib in Frameworks */ = {isa = PBXBuildFile; fileRef = 988D81BA20AA98ED0037737D /* libigl_stb_image.dylib */; };
		988D81BC20AA98FA0037737D /* libtbb.dylib in Frameworks */ = {isa = PBXBuildFile; fileRef = 98BFBB1E1FA153EA00142E10 /* libtbb.dylib */; };
		988D81BD20AA99060037737D /* libtriangle.a in Frameworks */ = {isa = PBXBuildFile; fileRef = 987382CD2076EE9D0040BBCE /* libtriangle.a */; };
		988D81BF20AA99120037737D /* libglfw3.a in Frameworks */ = {isa = PBXBuildFile; fileRef = 988D81BE20AA99120037737D /* libglfw3.a */; };
		988ED12F1F5727F400B21181 /* TriMesh.cpp in Sources */ = {isa = PBXBuildFile; fileRef = 988ED12D1F5727F400B21181 /* TriMesh.cpp */; };
		988ED1351F5871F200B21181 /* Optimizer.cpp in Sources */ = {isa = PBXBuildFile; fileRef = 988ED1331F5871F200B21181 /* Optimizer.cpp */; };
		98CBDA1F21973783003A35BD /* CHOLMODSolver.cpp in Sources */ = {isa = PBXBuildFile; fileRef = 98CBDA1821973783003A35BD /* CHOLMODSolver.cpp */; };
		98CBDA2021973783003A35BD /* EigenLibSolver.cpp in Sources */ = {isa = PBXBuildFile; fileRef = 98CBDA1B21973783003A35BD /* EigenLibSolver.cpp */; };
		98CBDA2121973783003A35BD /* PardisoSolver.cpp in Sources */ = {isa = PBXBuildFile; fileRef = 98CBDA1D21973783003A35BD /* PardisoSolver.cpp */; };
		98CBDA2321973AEE003A35BD /* libcholmod.3.0.12.dylib in Frameworks */ = {isa = PBXBuildFile; fileRef = 98CBDA2221973AEE003A35BD /* libcholmod.3.0.12.dylib */; };
/* End PBXBuildFile section */

/* Begin PBXCopyFilesBuildPhase section */
		980180B61F552CDA00C64B43 /* CopyFiles */ = {
			isa = PBXCopyFilesBuildPhase;
			buildActionMask = 2147483647;
			dstPath = /usr/share/man/man1/;
			dstSubfolderSpec = 0;
			files = (
			);
			runOnlyForDeploymentPostprocessing = 1;
		};
/* End PBXCopyFilesBuildPhase section */

/* Begin PBXFileReference section */
		980180B81F552CDA00C64B43 /* FracCuts */ = {isa = PBXFileReference; explicitFileType = "compiled.mach-o.executable"; includeInIndex = 0; path = FracCuts; sourceTree = BUILT_PRODUCTS_DIR; };
		980180BB1F552CDA00C64B43 /* main.cpp */ = {isa = PBXFileReference; lastKnownFileType = sourcecode.cpp.cpp; path = main.cpp; sourceTree = "<group>"; };
		9848C12421F36A90008AC964 /* libpardiso600-MACOS-X86-64.dylib */ = {isa = PBXFileReference; lastKnownFileType = "compiled.mach-o.dylib"; name = "libpardiso600-MACOS-X86-64.dylib"; path = "../../../../usr/local/lib/libpardiso600-MACOS-X86-64.dylib"; sourceTree = "<group>"; };
		9848C12621F3752D008AC964 /* libgomp.1.dylib */ = {isa = PBXFileReference; lastKnownFileType = "compiled.mach-o.dylib"; name = libgomp.1.dylib; path = ../../../../usr/local/lib/libgomp.1.dylib; sourceTree = "<group>"; };
		9848C12921F37823008AC964 /* IglUtils.hpp */ = {isa = PBXFileReference; fileEncoding = 4; lastKnownFileType = sourcecode.cpp.h; name = IglUtils.hpp; path = Utils/IglUtils.hpp; sourceTree = "<group>"; };
		9848C12A21F37823008AC964 /* GIF.hpp */ = {isa = PBXFileReference; fileEncoding = 4; lastKnownFileType = sourcecode.cpp.h; name = GIF.hpp; path = Utils/GIF.hpp; sourceTree = "<group>"; };
		9848C12B21F37823008AC964 /* cut_to_disk.hpp */ = {isa = PBXFileReference; fileEncoding = 4; lastKnownFileType = sourcecode.cpp.h; name = cut_to_disk.hpp; path = Utils/cut_to_disk.hpp; sourceTree = "<group>"; };
		9848C12C21F37823008AC964 /* Timer.hpp */ = {isa = PBXFileReference; fileEncoding = 4; lastKnownFileType = sourcecode.cpp.h; name = Timer.hpp; path = Utils/Timer.hpp; sourceTree = "<group>"; };
		9848C12D21F37823008AC964 /* IglUtils.cpp */ = {isa = PBXFileReference; fileEncoding = 4; lastKnownFileType = sourcecode.cpp.cpp; name = IglUtils.cpp; path = Utils/IglUtils.cpp; sourceTree = "<group>"; };
		9848C13221F3783B008AC964 /* ARAPEnergy.cpp */ = {isa = PBXFileReference; fileEncoding = 4; lastKnownFileType = sourcecode.cpp.cpp; name = ARAPEnergy.cpp; path = Energy/ARAPEnergy.cpp; sourceTree = "<group>"; };
		9848C13321F3783B008AC964 /* Energy.hpp */ = {isa = PBXFileReference; fileEncoding = 4; lastKnownFileType = sourcecode.cpp.h; name = Energy.hpp; path = Energy/Energy.hpp; sourceTree = "<group>"; };
		9848C13421F3783B008AC964 /* SymDirichletEnergy.cpp */ = {isa = PBXFileReference; fileEncoding = 4; lastKnownFileType = sourcecode.cpp.cpp; name = SymDirichletEnergy.cpp; path = Energy/SymDirichletEnergy.cpp; sourceTree = "<group>"; };
		9848C13521F3783C008AC964 /* SymDirichletEnergy.hpp */ = {isa = PBXFileReference; fileEncoding = 4; lastKnownFileType = sourcecode.cpp.h; name = SymDirichletEnergy.hpp; path = Energy/SymDirichletEnergy.hpp; sourceTree = "<group>"; };
		9848C13621F3783C008AC964 /* Energy.cpp */ = {isa = PBXFileReference; fileEncoding = 4; lastKnownFileType = sourcecode.cpp.cpp; name = Energy.cpp; path = Energy/Energy.cpp; sourceTree = "<group>"; };
		9848C13721F3783C008AC964 /* ARAPEnergy.hpp */ = {isa = PBXFileReference; fileEncoding = 4; lastKnownFileType = sourcecode.cpp.h; name = ARAPEnergy.hpp; path = Energy/ARAPEnergy.hpp; sourceTree = "<group>"; };
		9848C13C21F37851008AC964 /* Diagnostic.hpp */ = {isa = PBXFileReference; fileEncoding = 4; lastKnownFileType = sourcecode.cpp.h; name = Diagnostic.hpp; path = UnitTest/Diagnostic.hpp; sourceTree = "<group>"; };
		9848C13D21F37851008AC964 /* MeshProcessing.hpp */ = {isa = PBXFileReference; fileEncoding = 4; lastKnownFileType = sourcecode.cpp.h; name = MeshProcessing.hpp; path = UnitTest/MeshProcessing.hpp; sourceTree = "<group>"; };
		987382CB202902590040BBCE /* Types.hpp */ = {isa = PBXFileReference; fileEncoding = 4; lastKnownFileType = sourcecode.cpp.h; path = Types.hpp; sourceTree = "<group>"; };
		987382CD2076EE9D0040BBCE /* libtriangle.a */ = {isa = PBXFileReference; lastKnownFileType = archive.ar; name = libtriangle.a; path = ../../../../usr/local/lib/libtriangle.a; sourceTree = "<group>"; };
		987382CF2076F49A0040BBCE /* Scaffold.cpp */ = {isa = PBXFileReference; fileEncoding = 4; lastKnownFileType = sourcecode.cpp.cpp; path = Scaffold.cpp; sourceTree = "<group>"; };
		987382D02076F49A0040BBCE /* Scaffold.hpp */ = {isa = PBXFileReference; fileEncoding = 4; lastKnownFileType = sourcecode.cpp.h; path = Scaffold.hpp; sourceTree = "<group>"; };
		988D81A820AA80A60037737D /* IOKit.framework */ = {isa = PBXFileReference; lastKnownFileType = wrapper.framework; name = IOKit.framework; path = System/Library/Frameworks/IOKit.framework; sourceTree = SDKROOT; };
		988D81AA20AA80E40037737D /* Cocoa.framework */ = {isa = PBXFileReference; lastKnownFileType = wrapper.framework; name = Cocoa.framework; path = System/Library/Frameworks/Cocoa.framework; sourceTree = SDKROOT; };
		988D81AC20AA81130037737D /* CoreVideo.framework */ = {isa = PBXFileReference; lastKnownFileType = wrapper.framework; name = CoreVideo.framework; path = System/Library/Frameworks/CoreVideo.framework; sourceTree = SDKROOT; };
		988D81B820AA98E10037737D /* libglad.a */ = {isa = PBXFileReference; lastKnownFileType = archive.ar; name = libglad.a; path = ../../../../usr/local/lib/libglad.a; sourceTree = "<group>"; };
		988D81BA20AA98ED0037737D /* libigl_stb_image.dylib */ = {isa = PBXFileReference; lastKnownFileType = "compiled.mach-o.dylib"; name = libigl_stb_image.dylib; path = ../../../../usr/local/lib/libigl_stb_image.dylib; sourceTree = "<group>"; };
		988D81BE20AA99120037737D /* libglfw3.a */ = {isa = PBXFileReference; lastKnownFileType = archive.ar; name = libglfw3.a; path = ../../../../usr/local/lib/libglfw3.a; sourceTree = "<group>"; };
		988ED1271F57211500B21181 /* OpenGL.framework */ = {isa = PBXFileReference; lastKnownFileType = wrapper.framework; name = OpenGL.framework; path = System/Library/Frameworks/OpenGL.framework; sourceTree = SDKROOT; };
		988ED1291F57212300B21181 /* lib */ = {isa = PBXFileReference; lastKnownFileType = folder; name = lib; path = ../../../../usr/local/lib; sourceTree = "<group>"; };
		988ED12D1F5727F400B21181 /* TriMesh.cpp */ = {isa = PBXFileReference; fileEncoding = 4; lastKnownFileType = sourcecode.cpp.cpp; path = TriMesh.cpp; sourceTree = "<group>"; };
		988ED12E1F5727F400B21181 /* TriMesh.hpp */ = {isa = PBXFileReference; fileEncoding = 4; lastKnownFileType = sourcecode.cpp.h; path = TriMesh.hpp; sourceTree = "<group>"; };
		988ED1331F5871F200B21181 /* Optimizer.cpp */ = {isa = PBXFileReference; fileEncoding = 4; lastKnownFileType = sourcecode.cpp.cpp; path = Optimizer.cpp; sourceTree = "<group>"; };
		988ED1341F5871F200B21181 /* Optimizer.hpp */ = {isa = PBXFileReference; fileEncoding = 4; lastKnownFileType = sourcecode.cpp.h; path = Optimizer.hpp; sourceTree = "<group>"; };
		98BFBB1E1FA153EA00142E10 /* libtbb.dylib */ = {isa = PBXFileReference; lastKnownFileType = "compiled.mach-o.dylib"; name = libtbb.dylib; path = ../../../../usr/local/lib/libtbb.dylib; sourceTree = "<group>"; };
		98CBDA1821973783003A35BD /* CHOLMODSolver.cpp */ = {isa = PBXFileReference; fileEncoding = 4; lastKnownFileType = sourcecode.cpp.cpp; name = CHOLMODSolver.cpp; path = LinSysSolver/CHOLMODSolver.cpp; sourceTree = "<group>"; };
		98CBDA1921973783003A35BD /* CHOLMODSolver.hpp */ = {isa = PBXFileReference; fileEncoding = 4; lastKnownFileType = sourcecode.cpp.h; name = CHOLMODSolver.hpp; path = LinSysSolver/CHOLMODSolver.hpp; sourceTree = "<group>"; };
		98CBDA1A21973783003A35BD /* LinSysSolver.hpp */ = {isa = PBXFileReference; fileEncoding = 4; lastKnownFileType = sourcecode.cpp.h; name = LinSysSolver.hpp; path = LinSysSolver/LinSysSolver.hpp; sourceTree = "<group>"; };
		98CBDA1B21973783003A35BD /* EigenLibSolver.cpp */ = {isa = PBXFileReference; fileEncoding = 4; lastKnownFileType = sourcecode.cpp.cpp; name = EigenLibSolver.cpp; path = LinSysSolver/EigenLibSolver.cpp; sourceTree = "<group>"; };
		98CBDA1C21973783003A35BD /* EigenLibSolver.hpp */ = {isa = PBXFileReference; fileEncoding = 4; lastKnownFileType = sourcecode.cpp.h; name = EigenLibSolver.hpp; path = LinSysSolver/EigenLibSolver.hpp; sourceTree = "<group>"; };
		98CBDA1D21973783003A35BD /* PardisoSolver.cpp */ = {isa = PBXFileReference; fileEncoding = 4; lastKnownFileType = sourcecode.cpp.cpp; name = PardisoSolver.cpp; path = LinSysSolver/PardisoSolver.cpp; sourceTree = "<group>"; };
		98CBDA1E21973783003A35BD /* PardisoSolver.hpp */ = {isa = PBXFileReference; fileEncoding = 4; lastKnownFileType = sourcecode.cpp.h; name = PardisoSolver.hpp; path = LinSysSolver/PardisoSolver.hpp; sourceTree = "<group>"; };
		98CBDA2221973AEE003A35BD /* libcholmod.3.0.12.dylib */ = {isa = PBXFileReference; lastKnownFileType = "compiled.mach-o.dylib"; name = libcholmod.3.0.12.dylib; path = ../../../../usr/local/lib/libcholmod.3.0.12.dylib; sourceTree = "<group>"; };
		98CE47671F71DF6200627725 /* libpardiso500-MACOS-X86-64.dylib */ = {isa = PBXFileReference; lastKnownFileType = "compiled.mach-o.dylib"; name = "libpardiso500-MACOS-X86-64.dylib"; path = "../../../../usr/local/lib/libpardiso500-MACOS-X86-64.dylib"; sourceTree = "<group>"; };
/* End PBXFileReference section */

/* Begin PBXFrameworksBuildPhase section */
		980180B51F552CDA00C64B43 /* Frameworks */ = {
			isa = PBXFrameworksBuildPhase;
			buildActionMask = 2147483647;
			files = (
				9848C12721F3752D008AC964 /* libgomp.1.dylib in Frameworks */,
				9848C12521F36A91008AC964 /* libpardiso600-MACOS-X86-64.dylib in Frameworks */,
				98CBDA2321973AEE003A35BD /* libcholmod.3.0.12.dylib in Frameworks */,
				988D81BF20AA99120037737D /* libglfw3.a in Frameworks */,
				988D81BD20AA99060037737D /* libtriangle.a in Frameworks */,
				988D81BC20AA98FA0037737D /* libtbb.dylib in Frameworks */,
				988D81BB20AA98ED0037737D /* libigl_stb_image.dylib in Frameworks */,
				988D81B920AA98E10037737D /* libglad.a in Frameworks */,
				988D81AD20AA81130037737D /* CoreVideo.framework in Frameworks */,
				988D81AB20AA80E40037737D /* Cocoa.framework in Frameworks */,
				988D81A920AA80A60037737D /* IOKit.framework in Frameworks */,
				988D81A720AA7FFE0037737D /* OpenGL.framework in Frameworks */,
			);
			runOnlyForDeploymentPostprocessing = 0;
		};
/* End PBXFrameworksBuildPhase section */

/* Begin PBXGroup section */
		980180AF1F552CDA00C64B43 = {
			isa = PBXGroup;
			children = (
				980180BA1F552CDA00C64B43 /* FracCuts */,
				980180B91F552CDA00C64B43 /* Products */,
				988ED1261F57211500B21181 /* Frameworks */,
			);
			sourceTree = "<group>";
		};
		980180B91F552CDA00C64B43 /* Products */ = {
			isa = PBXGroup;
			children = (
				980180B81F552CDA00C64B43 /* FracCuts */,
			);
			name = Products;
			sourceTree = "<group>";
		};
		980180BA1F552CDA00C64B43 /* FracCuts */ = {
			isa = PBXGroup;
			children = (
				9848C12821F37811008AC964 /* Utils */,
				98CBDA172197376A003A35BD /* LinSysSolver */,
				9848C13121F37830008AC964 /* Energy */,
				9848C13B21F37841008AC964 /* UnitTest */,
				987382CF2076F49A0040BBCE /* Scaffold.cpp */,
				987382D02076F49A0040BBCE /* Scaffold.hpp */,
				980180BB1F552CDA00C64B43 /* main.cpp */,
				988ED12D1F5727F400B21181 /* TriMesh.cpp */,
				988ED12E1F5727F400B21181 /* TriMesh.hpp */,
				988ED1331F5871F200B21181 /* Optimizer.cpp */,
				988ED1341F5871F200B21181 /* Optimizer.hpp */,
				987382CB202902590040BBCE /* Types.hpp */,
			);
			path = FracCuts;
			sourceTree = "<group>";
		};
		9848C12821F37811008AC964 /* Utils */ = {
			isa = PBXGroup;
			children = (
				9848C12B21F37823008AC964 /* cut_to_disk.hpp */,
				9848C12A21F37823008AC964 /* GIF.hpp */,
				9848C12D21F37823008AC964 /* IglUtils.cpp */,
				9848C12921F37823008AC964 /* IglUtils.hpp */,
				9848C12C21F37823008AC964 /* Timer.hpp */,
			);
			name = Utils;
			sourceTree = "<group>";
		};
		9848C13121F37830008AC964 /* Energy */ = {
			isa = PBXGroup;
			children = (
				9848C13221F3783B008AC964 /* ARAPEnergy.cpp */,
				9848C13721F3783C008AC964 /* ARAPEnergy.hpp */,
				9848C13621F3783C008AC964 /* Energy.cpp */,
				9848C13321F3783B008AC964 /* Energy.hpp */,
				9848C13421F3783B008AC964 /* SymDirichletEnergy.cpp */,
				9848C13521F3783C008AC964 /* SymDirichletEnergy.hpp */,
			);
			name = Energy;
			sourceTree = "<group>";
		};
		9848C13B21F37841008AC964 /* UnitTest */ = {
			isa = PBXGroup;
			children = (
				9848C13C21F37851008AC964 /* Diagnostic.hpp */,
				9848C13D21F37851008AC964 /* MeshProcessing.hpp */,
			);
			name = UnitTest;
			sourceTree = "<group>";
		};
		988ED1261F57211500B21181 /* Frameworks */ = {
			isa = PBXGroup;
			children = (
				9848C12621F3752D008AC964 /* libgomp.1.dylib */,
				9848C12421F36A90008AC964 /* libpardiso600-MACOS-X86-64.dylib */,
				98CBDA2221973AEE003A35BD /* libcholmod.3.0.12.dylib */,
				988D81BE20AA99120037737D /* libglfw3.a */,
				988D81BA20AA98ED0037737D /* libigl_stb_image.dylib */,
				988D81B820AA98E10037737D /* libglad.a */,
				988D81AC20AA81130037737D /* CoreVideo.framework */,
				988D81AA20AA80E40037737D /* Cocoa.framework */,
				988D81A820AA80A60037737D /* IOKit.framework */,
				987382CD2076EE9D0040BBCE /* libtriangle.a */,
				98BFBB1E1FA153EA00142E10 /* libtbb.dylib */,
				98CE47671F71DF6200627725 /* libpardiso500-MACOS-X86-64.dylib */,
				988ED1291F57212300B21181 /* lib */,
				988ED1271F57211500B21181 /* OpenGL.framework */,
			);
			name = Frameworks;
			sourceTree = "<group>";
		};
		98CBDA172197376A003A35BD /* LinSysSolver */ = {
			isa = PBXGroup;
			children = (
				98CBDA1821973783003A35BD /* CHOLMODSolver.cpp */,
				98CBDA1921973783003A35BD /* CHOLMODSolver.hpp */,
				98CBDA1A21973783003A35BD /* LinSysSolver.hpp */,
				98CBDA1B21973783003A35BD /* EigenLibSolver.cpp */,
				98CBDA1C21973783003A35BD /* EigenLibSolver.hpp */,
				98CBDA1D21973783003A35BD /* PardisoSolver.cpp */,
				98CBDA1E21973783003A35BD /* PardisoSolver.hpp */,
			);
			name = LinSysSolver;
			sourceTree = "<group>";
		};
/* End PBXGroup section */

/* Begin PBXNativeTarget section */
		980180B71F552CDA00C64B43 /* FracCuts */ = {
			isa = PBXNativeTarget;
			buildConfigurationList = 980180BF1F552CDA00C64B43 /* Build configuration list for PBXNativeTarget "FracCuts" */;
			buildPhases = (
				980180B41F552CDA00C64B43 /* Sources */,
				980180B51F552CDA00C64B43 /* Frameworks */,
				980180B61F552CDA00C64B43 /* CopyFiles */,
			);
			buildRules = (
			);
			dependencies = (
			);
			name = FracCuts;
			productName = FracCuts;
			productReference = 980180B81F552CDA00C64B43 /* FracCuts */;
			productType = "com.apple.product-type.tool";
		};
/* End PBXNativeTarget section */

/* Begin PBXProject section */
		980180B01F552CDA00C64B43 /* Project object */ = {
			isa = PBXProject;
			attributes = {
				LastUpgradeCheck = 0830;
				ORGANIZATIONNAME = "Minchen Li";
				TargetAttributes = {
					980180B71F552CDA00C64B43 = {
						CreatedOnToolsVersion = 8.3.3;
						ProvisioningStyle = Automatic;
					};
				};
			};
			buildConfigurationList = 980180B31F552CDA00C64B43 /* Build configuration list for PBXProject "FracCuts" */;
			compatibilityVersion = "Xcode 3.2";
			developmentRegion = English;
			hasScannedForEncodings = 0;
			knownRegions = (
				en,
			);
			mainGroup = 980180AF1F552CDA00C64B43;
			productRefGroup = 980180B91F552CDA00C64B43 /* Products */;
			projectDirPath = "";
			projectRoot = "";
			targets = (
				980180B71F552CDA00C64B43 /* FracCuts */,
			);
		};
/* End PBXProject section */

/* Begin PBXSourcesBuildPhase section */
		980180B41F552CDA00C64B43 /* Sources */ = {
			isa = PBXSourcesBuildPhase;
			buildActionMask = 2147483647;
			files = (
				98CBDA2021973783003A35BD /* EigenLibSolver.cpp in Sources */,
				988ED1351F5871F200B21181 /* Optimizer.cpp in Sources */,
				9848C12F21F37823008AC964 /* IglUtils.cpp in Sources */,
				988ED12F1F5727F400B21181 /* TriMesh.cpp in Sources */,
				980180BC1F552CDA00C64B43 /* main.cpp in Sources */,
				98CBDA2121973783003A35BD /* PardisoSolver.cpp in Sources */,
				98CBDA1F21973783003A35BD /* CHOLMODSolver.cpp in Sources */,
				9848C13921F3783C008AC964 /* SymDirichletEnergy.cpp in Sources */,
				9848C13A21F3783C008AC964 /* Energy.cpp in Sources */,
				9848C13821F3783C008AC964 /* ARAPEnergy.cpp in Sources */,
				987382D12076F49A0040BBCE /* Scaffold.cpp in Sources */,
			);
			runOnlyForDeploymentPostprocessing = 0;
		};
/* End PBXSourcesBuildPhase section */

/* Begin XCBuildConfiguration section */
		980180BD1F552CDA00C64B43 /* Debug */ = {
			isa = XCBuildConfiguration;
			buildSettings = {
				ALWAYS_SEARCH_USER_PATHS = NO;
				CLANG_ANALYZER_NONNULL = YES;
				CLANG_ANALYZER_NUMBER_OBJECT_CONVERSION = YES_AGGRESSIVE;
				CLANG_CXX_LANGUAGE_STANDARD = "gnu++0x";
				CLANG_CXX_LIBRARY = "libc++";
				CLANG_ENABLE_MODULES = YES;
				CLANG_ENABLE_OBJC_ARC = YES;
				CLANG_WARN_BOOL_CONVERSION = YES;
				CLANG_WARN_CONSTANT_CONVERSION = YES;
				CLANG_WARN_DIRECT_OBJC_ISA_USAGE = YES_ERROR;
				CLANG_WARN_DOCUMENTATION_COMMENTS = YES;
				CLANG_WARN_EMPTY_BODY = YES;
				CLANG_WARN_ENUM_CONVERSION = YES;
				CLANG_WARN_INFINITE_RECURSION = YES;
				CLANG_WARN_INT_CONVERSION = YES;
				CLANG_WARN_OBJC_ROOT_CLASS = YES_ERROR;
				CLANG_WARN_SUSPICIOUS_MOVE = YES;
				CLANG_WARN_UNREACHABLE_CODE = YES;
				CLANG_WARN__DUPLICATE_METHOD_MATCH = YES;
				CODE_SIGN_IDENTITY = "-";
				COPY_PHASE_STRIP = NO;
				DEBUG_INFORMATION_FORMAT = dwarf;
				ENABLE_STRICT_OBJC_MSGSEND = YES;
				ENABLE_TESTABILITY = YES;
				GCC_C_LANGUAGE_STANDARD = gnu99;
				GCC_DYNAMIC_NO_PIC = NO;
				GCC_NO_COMMON_BLOCKS = YES;
				GCC_OPTIMIZATION_LEVEL = 0;
				GCC_PREPROCESSOR_DEFINITIONS = (
					"DEBUG=1",
					"$(inherited)",
				);
				GCC_WARN_64_TO_32_BIT_CONVERSION = YES;
				GCC_WARN_ABOUT_RETURN_TYPE = YES_ERROR;
				GCC_WARN_UNDECLARED_SELECTOR = YES;
				GCC_WARN_UNINITIALIZED_AUTOS = YES_AGGRESSIVE;
				GCC_WARN_UNUSED_FUNCTION = YES;
				GCC_WARN_UNUSED_VARIABLE = YES;
				MACOSX_DEPLOYMENT_TARGET = 10.12;
				MTL_ENABLE_DEBUG_INFO = YES;
				ONLY_ACTIVE_ARCH = YES;
				SDKROOT = macosx;
			};
			name = Debug;
		};
		980180BE1F552CDA00C64B43 /* Release */ = {
			isa = XCBuildConfiguration;
			buildSettings = {
				ALWAYS_SEARCH_USER_PATHS = NO;
				CLANG_ANALYZER_NONNULL = YES;
				CLANG_ANALYZER_NUMBER_OBJECT_CONVERSION = YES_AGGRESSIVE;
				CLANG_CXX_LANGUAGE_STANDARD = "gnu++0x";
				CLANG_CXX_LIBRARY = "libc++";
				CLANG_ENABLE_MODULES = YES;
				CLANG_ENABLE_OBJC_ARC = YES;
				CLANG_WARN_BOOL_CONVERSION = YES;
				CLANG_WARN_CONSTANT_CONVERSION = YES;
				CLANG_WARN_DIRECT_OBJC_ISA_USAGE = YES_ERROR;
				CLANG_WARN_DOCUMENTATION_COMMENTS = YES;
				CLANG_WARN_EMPTY_BODY = YES;
				CLANG_WARN_ENUM_CONVERSION = YES;
				CLANG_WARN_INFINITE_RECURSION = YES;
				CLANG_WARN_INT_CONVERSION = YES;
				CLANG_WARN_OBJC_ROOT_CLASS = YES_ERROR;
				CLANG_WARN_SUSPICIOUS_MOVE = YES;
				CLANG_WARN_UNREACHABLE_CODE = YES;
				CLANG_WARN__DUPLICATE_METHOD_MATCH = YES;
				CODE_SIGN_IDENTITY = "-";
				COPY_PHASE_STRIP = NO;
				DEBUG_INFORMATION_FORMAT = "dwarf-with-dsym";
				ENABLE_NS_ASSERTIONS = NO;
				ENABLE_STRICT_OBJC_MSGSEND = YES;
				GCC_C_LANGUAGE_STANDARD = gnu99;
				GCC_NO_COMMON_BLOCKS = YES;
				GCC_WARN_64_TO_32_BIT_CONVERSION = YES;
				GCC_WARN_ABOUT_RETURN_TYPE = YES_ERROR;
				GCC_WARN_UNDECLARED_SELECTOR = YES;
				GCC_WARN_UNINITIALIZED_AUTOS = YES_AGGRESSIVE;
				GCC_WARN_UNUSED_FUNCTION = YES;
				GCC_WARN_UNUSED_VARIABLE = YES;
				MACOSX_DEPLOYMENT_TARGET = 10.12;
				MTL_ENABLE_DEBUG_INFO = NO;
				SDKROOT = macosx;
			};
			name = Release;
		};
		980180C01F552CDA00C64B43 /* Debug */ = {
			isa = XCBuildConfiguration;
			buildSettings = {
				HEADER_SEARCH_PATHS = (
					/Users/mincli/Documents/libigl/include,
					"/Users/mincli/Documents/eigen-eigen-5a0156e40feb",
					/Users/mincli/Documents/libigl/external/glfw/include,
					/Users/mincli/Documents/libigl/external/stb_image,
					/Users/mincli/Documents/tbb2018_20180312oss/include,
					/Users/mincli/Documents/libigl/external/triangle,
					/Users/mincli/Documents/libigl/external/glad/include,
					/Users/mincli/Documents/SuiteSparse/include,
				);
				LIBRARY_SEARCH_PATHS = /usr/local/lib;
				OTHER_LDFLAGS = "";
				PRODUCT_NAME = "$(TARGET_NAME)";
			};
			name = Debug;
		};
		980180C11F552CDA00C64B43 /* Release */ = {
			isa = XCBuildConfiguration;
			buildSettings = {
				HEADER_SEARCH_PATHS = (
					/Users/mincli/Documents/libigl/include,
					"/Users/mincli/Documents/eigen-eigen-5a0156e40feb",
					/Users/mincli/Documents/libigl/external/glfw/include,
					/Users/mincli/Documents/libigl/external/stb_image,
					/Users/mincli/Documents/tbb2018_20180312oss/include,
					/Users/mincli/Documents/libigl/external/triangle,
					/Users/mincli/Documents/libigl/external/glad/include,
					/Users/mincli/Documents/SuiteSparse/include,
				);
				LIBRARY_SEARCH_PATHS = /usr/local/lib;
				OTHER_LDFLAGS = "";
				PRODUCT_NAME = "$(TARGET_NAME)";
			};
			name = Release;
		};
/* End XCBuildConfiguration section */

/* Begin XCConfigurationList section */
		980180B31F552CDA00C64B43 /* Build configuration list for PBXProject "FracCuts" */ = {
			isa = XCConfigurationList;
			buildConfigurations = (
				980180BD1F552CDA00C64B43 /* Debug */,
				980180BE1F552CDA00C64B43 /* Release */,
			);
			defaultConfigurationIsVisible = 0;
			defaultConfigurationName = Release;
		};
		980180BF1F552CDA00C64B43 /* Build configuration list for PBXNativeTarget "FracCuts" */ = {
			isa = XCConfigurationList;
			buildConfigurations = (
				980180C01F552CDA00C64B43 /* Debug */,
				980180C11F552CDA00C64B43 /* Release */,
			);
			defaultConfigurationIsVisible = 0;
			defaultConfigurationName = Release;
		};
/* End XCConfigurationList section */
	};
	rootObject = 980180B01F552CDA00C64B43 /* Project object */;
}
